
Microsoft Visual Studio Solution File, Format Version 12.00
# Visual Studio Version 17
VisualStudioVersion = 17.13.35919.96 d17.13
MinimumVisualStudioVersion = 10.0.40219.1
Project("{FAE04EC0-301F-11D3-BF4B-00C04F79EFBC}") = "UnionReportingApi", "UnionReportingApi\UnionReportingApi.csproj", "{FD65C520-5BF2-44D5-BBDE-AC481C3564CB}"
EndProject
Global
	GlobalSection(SolutionConfigurationPlatforms) = preSolution
		Debug|Any CPU = Debug|Any CPU
		Release|Any CPU = Release|Any CPU
	EndGlobalSection
	GlobalSection(ProjectConfigurationPlatforms) = postSolution
		{FD65C520-5BF2-44D5-BBDE-AC481C3564CB}.Debug|Any CPU.ActiveCfg = Debug|Any CPU
		{FD65C520-5BF2-44D5-BBDE-AC481C3564CB}.Debug|Any CPU.Build.0 = Debug|Any CPU
		{FD65C520-5BF2-44D5-BBDE-AC481C3564CB}.Release|Any CPU.ActiveCfg = Release|Any CPU
		{FD65C520-5BF2-44D5-BBDE-AC481C3564CB}.Release|Any CPU.Build.0 = Release|Any CPU
	EndGlobalSection
	GlobalSection(SolutionProperties) = preSolution
		HideSolutionNode = FALSE
	EndGlobalSection
	GlobalSection(ExtensibilityGlobals) = postSolution
		SolutionGuid = {6AA45F1A-02F4-4D1B-BCCD-00802E9EA0FD}
	EndGlobalSection
EndGlobal
